
Microsoft Visual Studio Solution File, Format Version 12.00
# Visual Studio Version 17
VisualStudioVersion = 17.4.33213.308
MinimumVisualStudioVersion = 10.0.40219.1
Project("{9A19103F-16F7-4668-BE54-9A1E7A4F7556}") = "Ovning14_SkalProj", "Ovning14_SkalProj\Ovning14_SkalProj.csproj", "{58105E8C-09DE-4211-8782-63797B17CBF9}"
EndProject
Project("{FAE04EC0-301F-11D3-BF4B-00C04F79EFBC}") = "Ovning14_SkalProj.Core", "Ovning14_SkalProj.Core\Ovning14_SkalProj.Core.csproj", "{085E2DFF-4808-46E8-9A0C-7C84950D7C13}"
EndProject
Global
	GlobalSection(SolutionConfigurationPlatforms) = preSolution
		Debug|Any CPU = Debug|Any CPU
		Release|Any CPU = Release|Any CPU
	EndGlobalSection
	GlobalSection(ProjectConfigurationPlatforms) = postSolution
		{58105E8C-09DE-4211-8782-63797B17CBF9}.Debug|Any CPU.ActiveCfg = Debug|Any CPU
		{58105E8C-09DE-4211-8782-63797B17CBF9}.Debug|Any CPU.Build.0 = Debug|Any CPU
		{58105E8C-09DE-4211-8782-63797B17CBF9}.Release|Any CPU.ActiveCfg = Release|Any CPU
		{58105E8C-09DE-4211-8782-63797B17CBF9}.Release|Any CPU.Build.0 = Release|Any CPU
		{085E2DFF-4808-46E8-9A0C-7C84950D7C13}.Debug|Any CPU.ActiveCfg = Debug|Any CPU
		{085E2DFF-4808-46E8-9A0C-7C84950D7C13}.Debug|Any CPU.Build.0 = Debug|Any CPU
		{085E2DFF-4808-46E8-9A0C-7C84950D7C13}.Release|Any CPU.ActiveCfg = Release|Any CPU
		{085E2DFF-4808-46E8-9A0C-7C84950D7C13}.Release|Any CPU.Build.0 = Release|Any CPU
	EndGlobalSection
	GlobalSection(SolutionProperties) = preSolution
		HideSolutionNode = FALSE
	EndGlobalSection
	GlobalSection(ExtensibilityGlobals) = postSolution
		SolutionGuid = {7B0D2F36-EB74-46A3-9B1D-EEE2C98E4B58}
	EndGlobalSection
EndGlobal
